
Microsoft Visual Studio Solution File, Format Version 12.00
# Visual Studio 15
VisualStudioVersion = 15.0.27703.2035
MinimumVisualStudioVersion = 10.0.40219.1
Project("{FAE04EC0-301F-11D3-BF4B-00C04F79EFBC}") = "jQueryAjaxInAsp.netMvc", "jQueryAjaxInAsp.netMvc\jQueryAjaxInAsp.netMvc.csproj", "{C369A855-64F4-4EC6-B295-96C6440033A1}"
EndProject
Global
	GlobalSection(SolutionConfigurationPlatforms) = preSolution
		Debug|Any CPU = Debug|Any CPU
		Release|Any CPU = Release|Any CPU
	EndGlobalSection
	GlobalSection(ProjectConfigurationPlatforms) = postSolution
		{C369A855-64F4-4EC6-B295-96C6440033A1}.Debug|Any CPU.ActiveCfg = Debug|Any CPU
		{C369A855-64F4-4EC6-B295-96C6440033A1}.Debug|Any CPU.Build.0 = Debug|Any CPU
		{C369A855-64F4-4EC6-B295-96C6440033A1}.Release|Any CPU.ActiveCfg = Release|Any CPU
		{C369A855-64F4-4EC6-B295-96C6440033A1}.Release|Any CPU.Build.0 = Release|Any CPU
	EndGlobalSection
	GlobalSection(SolutionProperties) = preSolution
		HideSolutionNode = FALSE
	EndGlobalSection
	GlobalSection(ExtensibilityGlobals) = postSolution
		SolutionGuid = {6A988A1C-531B-404D-BC28-40EBC312DA8E}
	EndGlobalSection
EndGlobal
